
Microsoft Visual Studio Solution File, Format Version 12.00
# Visual Studio Version 17
VisualStudioVersion = 17.3.32922.545
MinimumVisualStudioVersion = 10.0.40219.1
Project("{9A19103F-16F7-4668-BE54-9A1E7A4F7556}") = "ContactsApi", "ContactsApi\ContactsApi.csproj", "{CC20EE24-1945-477C-9A72-CCE6F2D666AA}"
EndProject
Global
	GlobalSection(SolutionConfigurationPlatforms) = preSolution
		Debug|Any CPU = Debug|Any CPU
		Release|Any CPU = Release|Any CPU
	EndGlobalSection
	GlobalSection(ProjectConfigurationPlatforms) = postSolution
		{CC20EE24-1945-477C-9A72-CCE6F2D666AA}.Debug|Any CPU.ActiveCfg = Debug|Any CPU
		{CC20EE24-1945-477C-9A72-CCE6F2D666AA}.Debug|Any CPU.Build.0 = Debug|Any CPU
		{CC20EE24-1945-477C-9A72-CCE6F2D666AA}.Release|Any CPU.ActiveCfg = Release|Any CPU
		{CC20EE24-1945-477C-9A72-CCE6F2D666AA}.Release|Any CPU.Build.0 = Release|Any CPU
	EndGlobalSection
	GlobalSection(SolutionProperties) = preSolution
		HideSolutionNode = FALSE
	EndGlobalSection
	GlobalSection(ExtensibilityGlobals) = postSolution
		SolutionGuid = {B108518A-6286-430F-AEB8-DAA7DC52E732}
	EndGlobalSection
EndGlobal
